# This file is automatically @generated by rv.
# It is not intended for manual editing.
version = 2
r_version = "4.5"

[[packages]]
name = "DBI"
version = "1.3.0"
source = { repository = "https://packagemanager.posit.co/cran/latest" }
force_source = false
dependencies = []

[[packages]]
name = "DT"
version = "0.34.0"
source = { repository = "https://packagemanager.posit.co/cran/latest" }
force_source = false
dependencies = [
    "crosstalk",
    { name = "htmltools", requirement = "(>= 0.3.6)" },
    { name = "htmlwidgets", requirement = "(>= 1.3)" },
    "jquerylib",
    { name = "jsonlite", requirement = "(>= 0.9.16)" },
    "magrittr",
    "promises",
]

[[packages]]
name = "Deriv"
version = "4.2.0"
source = { repository = "https://packagemanager.posit.co/cran/latest" }
force_source = false
dependencies = []

[[packages]]
name = "FactoMineR"
version = "2.14"
source = { repository = "https://packagemanager.posit.co/cran/latest" }
force_source = false
dependencies = [
    "car",
    "cluster",
    "DT",
    "ellipse",
    "emmeans",
    "flashClust",
    "lattice",
    "leaps",
    "MASS",
    "multcompView",
    "scatterplot3d",
    "ggplot2",
    "ggrepel",
]

[[packages]]
name = "Formula"
version = "1.2-5"
source = { repository = "https://packagemanager.posit.co/cran/latest" }
force_source = false
dependencies = []

[[packages]]
name = "KernSmooth"
version = "2.23-26"
source = { builtin = true }
force_source = false
dependencies = []

[[packages]]
name = "MASS"
version = "7.3-65"
source = { builtin = true }
force_source = false
dependencies = []

[[packages]]
name = "Matrix"
version = "1.7-4"
source = { builtin = true }
force_source = false
dependencies = [
    "lattice",
]

[[packages]]
name = "MatrixModels"
version = "0.5-4"
source = { repository = "https://packagemanager.posit.co/cran/latest" }
force_source = false
dependencies = [
    { name = "Matrix", requirement = "(>= 1.6-0)" },
    { name = "Matrix", requirement = "(< 1.8-0)" },
]

[[packages]]
name = "R6"
version = "2.6.1"
source = { repository = "https://packagemanager.posit.co/cran/latest" }
force_source = false
dependencies = []

[[packages]]
name = "RColorBrewer"
version = "1.1-3"
source = { repository = "https://packagemanager.posit.co/cran/latest" }
force_source = false
dependencies = []

[[packages]]
name = "Rcpp"
version = "1.1.1-1.1"
source = { repository = "https://packagemanager.posit.co/cran/latest" }
force_source = false
dependencies = []

[[packages]]
name = "RcppArmadillo"
version = "15.2.7-1"
source = { repository = "https://packagemanager.posit.co/cran/latest" }
force_source = false
dependencies = [
    { name = "Rcpp", requirement = "(>= 1.1.1)" },
]

[[packages]]
name = "RcppEigen"
version = "0.3.4.0.2"
source = { repository = "https://packagemanager.posit.co/cran/latest" }
force_source = false
dependencies = [
    { name = "Rcpp", requirement = "(>= 0.11.0)" },
]

[[packages]]
name = "Rdpack"
version = "2.6.6"
source = { repository = "https://packagemanager.posit.co/cran/latest" }
force_source = false
dependencies = [
    { name = "rbibutils", requirement = "(> 2.4)" },
]

[[packages]]
name = "S7"
version = "0.2.2"
source = { repository = "https://packagemanager.posit.co/cran/latest" }
force_source = false
dependencies = []

[[packages]]
name = "SparseM"
version = "1.84-2"
source = { repository = "https://packagemanager.posit.co/cran/latest" }
force_source = false
dependencies = []

[[packages]]
name = "abind"
version = "1.4-8"
source = { repository = "https://packagemanager.posit.co/cran/latest" }
force_source = false
dependencies = []

[[packages]]
name = "arrow"
version = "24.0.0"
source = { repository = "https://packagemanager.posit.co/cran/latest" }
force_source = false
dependencies = [
    "assertthat",
    { name = "bit64", requirement = "(>= 0.9-7)" },
    "glue",
    "purrr",
    "R6",
    { name = "rlang", requirement = "(>= 1.0.0)" },
    { name = "tidyselect", requirement = "(>= 1.0.0)" },
    "vctrs",
    { name = "cpp11", requirement = "(>= 0.4.2)" },
]

[[packages]]
name = "askpass"
version = "1.2.1"
source = { repository = "https://packagemanager.posit.co/cran/latest" }
force_source = false
dependencies = [
    { name = "sys", requirement = "(>= 2.1)" },
]

[[packages]]
name = "assertthat"
version = "0.2.1"
source = { repository = "https://packagemanager.posit.co/cran/latest" }
force_source = false
dependencies = []

[[packages]]
name = "backports"
version = "1.5.1"
source = { repository = "https://packagemanager.posit.co/cran/latest" }
force_source = false
dependencies = []

[[packages]]
name = "base64enc"
version = "0.1-6"
source = { repository = "https://packagemanager.posit.co/cran/latest" }
force_source = false
dependencies = []

[[packages]]
name = "base64url"
version = "1.4"
source = { repository = "https://packagemanager.posit.co/cran/latest" }
force_source = false
dependencies = [
    { name = "backports", requirement = "(>= 1.1.0)" },
]

[[packages]]
name = "bit"
version = "4.6.0"
source = { repository = "https://packagemanager.posit.co/cran/latest" }
force_source = false
dependencies = []

[[packages]]
name = "bit64"
version = "4.8.2"
source = { repository = "https://packagemanager.posit.co/cran/latest" }
force_source = false
dependencies = [
    { name = "bit", requirement = "(>= 4.0.0)" },
]

[[packages]]
name = "blob"
version = "1.3.0"
source = { repository = "https://packagemanager.posit.co/cran/latest" }
force_source = false
dependencies = [
    "rlang",
    { name = "vctrs", requirement = "(>= 0.2.1)" },
]

[[packages]]
name = "boot"
version = "1.3-32"
source = { builtin = true }
force_source = false
dependencies = []

[[packages]]
name = "brio"
version = "1.1.5"
source = { repository = "https://packagemanager.posit.co/cran/latest" }
force_source = false
dependencies = []

[[packages]]
name = "broom"
version = "1.0.13"
source = { repository = "https://packagemanager.posit.co/cran/latest" }
force_source = false
dependencies = [
    "backports",
    "cli",
    { name = "dplyr", requirement = "(>= 1.0.0)" },
    { name = "generics", requirement = "(>= 0.0.2)" },
    "glue",
    "lifecycle",
    "purrr",
    { name = "rlang", requirement = "(>= 1.1.0)" },
    "stringr",
    { name = "tibble", requirement = "(>= 3.0.0)" },
    { name = "tidyr", requirement = "(>= 1.0.0)" },
]

[[packages]]
name = "bslib"
version = "0.11.0"
source = { repository = "https://packagemanager.posit.co/cran/latest" }
force_source = false
dependencies = [
    "base64enc",
    "cachem",
    { name = "fastmap", requirement = "(>= 1.1.1)" },
    { name = "htmltools", requirement = "(>= 0.5.8)" },
    { name = "jquerylib", requirement = "(>= 0.1.3)" },
    "jsonlite",
    "lifecycle",
    { name = "memoise", requirement = "(>= 2.0.1)" },
    "mime",
    "rlang",
    { name = "sass", requirement = "(>= 0.4.9)" },
]

[[packages]]
name = "cachem"
version = "1.1.0"
source = { repository = "https://packagemanager.posit.co/cran/latest" }
force_source = false
dependencies = [
    "rlang",
    { name = "fastmap", requirement = "(>= 1.2.0)" },
]

[[packages]]
name = "callr"
version = "3.8.0"
source = { repository = "https://packagemanager.posit.co/cran/latest" }
force_source = false
dependencies = [
    { name = "otel", requirement = "(>= 0.2.0)" },
    { name = "processx", requirement = "(>= 3.6.1)" },
    "R6",
]

[[packages]]
name = "car"
version = "3.1-5"
source = { repository = "https://packagemanager.posit.co/cran/latest" }
force_source = false
dependencies = [
    { name = "carData", requirement = "(>= 3.0-0)" },
    "abind",
    "Formula",
    "MASS",
    "mgcv",
    "nnet",
    { name = "pbkrtest", requirement = "(>= 0.4-4)" },
    "quantreg",
    { name = "lme4", requirement = "(>= 1.1-27.1)" },
    "nlme",
    "scales",
]

[[packages]]
name = "carData"
version = "3.0-6"
source = { repository = "https://packagemanager.posit.co/cran/latest" }
force_source = false
dependencies = []

[[packages]]
name = "cellranger"
version = "1.1.0"
source = { repository = "https://packagemanager.posit.co/cran/latest" }
force_source = false
dependencies = [
    "rematch",
    "tibble",
]

[[packages]]
name = "class"
version = "7.3-23"
source = { builtin = true }
force_source = false
dependencies = [
    "MASS",
]

[[packages]]
name = "classInt"
version = "0.4-11"
source = { repository = "https://packagemanager.posit.co/cran/latest" }
force_source = false
dependencies = [
    "e1071",
    "class",
    "KernSmooth",
]

[[packages]]
name = "cli"
version = "3.6.6"
source = { repository = "https://packagemanager.posit.co/cran/latest" }
force_source = false
dependencies = []

[[packages]]
name = "clipr"
version = "0.8.1"
source = { repository = "https://packagemanager.posit.co/cran/latest" }
force_source = false
dependencies = []

[[packages]]
name = "cluster"
version = "2.1.8.2"
source = { builtin = true }
force_source = false
dependencies = []

[[packages]]
name = "codetools"
version = "0.2-20"
source = { builtin = true }
force_source = false
dependencies = []

[[packages]]
name = "colorspace"
version = "2.1-2"
source = { repository = "https://packagemanager.posit.co/cran/latest" }
force_source = false
dependencies = []

[[packages]]
name = "corrplot"
version = "0.95"
source = { repository = "https://packagemanager.posit.co/cran/latest" }
force_source = false
dependencies = []

[[packages]]
name = "cowplot"
version = "1.2.0"
source = { repository = "https://packagemanager.posit.co/cran/latest" }
force_source = false
dependencies = [
    { name = "ggplot2", requirement = "(>= 3.5.2)" },
    "gtable",
    "rlang",
    "scales",
]

[[packages]]
name = "cpp11"
version = "0.5.5"
source = { repository = "https://packagemanager.posit.co/cran/latest" }
force_source = false
dependencies = []

[[packages]]
name = "crayon"
version = "1.5.3"
source = { repository = "https://packagemanager.posit.co/cran/latest" }
force_source = false
dependencies = []

[[packages]]
name = "crosstalk"
version = "1.2.2"
source = { repository = "https://packagemanager.posit.co/cran/latest" }
force_source = false
dependencies = [
    { name = "htmltools", requirement = "(>= 0.3.6)" },
    "jsonlite",
    "lazyeval",
    "R6",
]

[[packages]]
name = "curl"
version = "7.1.0"
source = { repository = "https://packagemanager.posit.co/cran/latest" }
force_source = false
dependencies = []

[[packages]]
name = "data.table"
version = "1.18.4"
source = { repository = "https://packagemanager.posit.co/cran/latest" }
force_source = false
dependencies = []

[[packages]]
name = "dbplyr"
version = "2.5.2"
source = { repository = "https://packagemanager.posit.co/cran/latest" }
force_source = false
dependencies = [
    { name = "blob", requirement = "(>= 1.2.0)" },
    { name = "cli", requirement = "(>= 3.6.1)" },
    { name = "DBI", requirement = "(>= 1.1.3)" },
    { name = "dplyr", requirement = "(>= 1.1.2)" },
    { name = "glue", requirement = "(>= 1.6.2)" },
    { name = "lifecycle", requirement = "(>= 1.0.3)" },
    "magrittr",
    { name = "pillar", requirement = "(>= 1.9.0)" },
    { name = "purrr", requirement = "(>= 1.0.1)" },
    { name = "R6", requirement = "(>= 2.2.2)" },
    { name = "rlang", requirement = "(>= 1.1.1)" },
    { name = "tibble", requirement = "(>= 3.2.1)" },
    { name = "tidyr", requirement = "(>= 1.3.0)" },
    { name = "tidyselect", requirement = "(>= 1.2.1)" },
    { name = "vctrs", requirement = "(>= 0.6.3)" },
    { name = "withr", requirement = "(>= 2.5.0)" },
]

[[packages]]
name = "dendextend"
version = "1.19.1"
source = { repository = "https://packagemanager.posit.co/cran/latest" }
force_source = false
dependencies = [
    { name = "magrittr", requirement = "(>= 1.0.1)" },
    "ggplot2",
    "viridis",
]

[[packages]]
name = "desc"
version = "1.4.3"
source = { repository = "https://packagemanager.posit.co/cran/latest" }
force_source = false
dependencies = [
    "cli",
    "R6",
]

[[packages]]
name = "digest"
version = "0.6.39"
source = { repository = "https://packagemanager.posit.co/cran/latest" }
force_source = false
dependencies = []

[[packages]]
name = "doBy"
version = "4.7.1"
source = { repository = "https://packagemanager.posit.co/cran/latest" }
force_source = false
dependencies = [
    "boot",
    "broom",
    "cowplot",
    "Deriv",
    "dplyr",
    "forecast",
    "ggplot2",
    "MASS",
    "Matrix",
    "modelr",
    "microbenchmark",
    "rlang",
    "purrr",
    "tibble",
    "tidyr",
]

[[packages]]
name = "doremifasol"
version = "0.6.0.0003"
source = { git = "https://github.com/InseeFrLab/DoReMIFaSol", sha = "a03bf37c54bdf2f9bc4f99754aac453a44a0b86c", branch = "master" }
force_source = true
dependencies = [
    "readr",
    "readxl",
    "httr",
    "jsonlite",
    "curl",
    "DT",
    "arrow",
]

[[packages]]
name = "doremifasolData"
version = "0.2.0.9000"
source = { git = "https://github.com/InseeFrLab/DoReMIFaSolData", sha = "d67c97adbd0210f572e0ef5e1466967b514e4dc8", branch = "main" }
force_source = true
dependencies = []

[[packages]]
name = "downlit"
version = "0.4.5"
source = { repository = "https://packagemanager.posit.co/cran/latest" }
force_source = false
dependencies = [
    "brio",
    "desc",
    "digest",
    "evaluate",
    "fansi",
    "memoise",
    "rlang",
    "vctrs",
    "withr",
    "yaml",
]

[[packages]]
name = "dplyr"
version = "1.2.1"
source = { repository = "https://packagemanager.posit.co/cran/latest" }
force_source = false
dependencies = [
    { name = "cli", requirement = "(>= 3.6.2)" },
    "generics",
    { name = "glue", requirement = "(>= 1.3.2)" },
    { name = "lifecycle", requirement = "(>= 1.0.5)" },
    { name = "magrittr", requirement = "(>= 1.5)" },
    { name = "pillar", requirement = "(>= 1.9.0)" },
    "R6",
    { name = "rlang", requirement = "(>= 1.1.7)" },
    { name = "tibble", requirement = "(>= 3.2.0)" },
    { name = "tidyselect", requirement = "(>= 1.2.0)" },
    { name = "vctrs", requirement = "(>= 0.7.1)" },
]

[[packages]]
name = "duckdb"
version = "1.5.2"
source = { repository = "https://packagemanager.posit.co/cran/latest" }
force_source = false
dependencies = [
    "DBI",
]

[[packages]]
name = "dygraphs"
version = "1.1.1.6"
source = { repository = "https://packagemanager.posit.co/cran/latest" }
force_source = false
dependencies = [
    "magrittr",
    { name = "htmlwidgets", requirement = "(>= 0.6)" },
    { name = "htmltools", requirement = "(>= 0.3.5)" },
    { name = "zoo", requirement = "(>= 1.7-10)" },
    { name = "xts", requirement = "(>= 0.9-7)" },
]

[[packages]]
name = "e1071"
version = "1.7-17"
source = { repository = "https://packagemanager.posit.co/cran/latest" }
force_source = false
dependencies = [
    "class",
    "proxy",
]

[[packages]]
name = "ellipse"
version = "0.5.0"
source = { repository = "https://packagemanager.posit.co/cran/latest" }
force_source = false
dependencies = []

[[packages]]
name = "emmeans"
version = "2.0.3"
source = { repository = "https://packagemanager.posit.co/cran/latest" }
force_source = false
dependencies = [
    { name = "estimability", requirement = "(>= 1.4.1)" },
    "mvtnorm",
    "numDeriv",
    "rlang",
]

[[packages]]
name = "estimability"
version = "1.5.1"
source = { repository = "https://packagemanager.posit.co/cran/latest" }
force_source = false
dependencies = []

[[packages]]
name = "evaluate"
version = "1.0.5"
source = { repository = "https://packagemanager.posit.co/cran/latest" }
force_source = false
dependencies = []

[[packages]]
name = "factoextra"
version = "2.0.0"
source = { repository = "https://packagemanager.posit.co/cran/latest" }
force_source = false
dependencies = [
    { name = "ggplot2", requirement = "(>= 3.5.2)" },
    { name = "cluster", requirement = "(>= 2.1.8.2)" },
    { name = "dendextend", requirement = "(>= 1.19.1)" },
    { name = "FactoMineR", requirement = "(>= 2.13)" },
    { name = "ggpubr", requirement = "(>= 0.6.3)" },
    { name = "rlang", requirement = "(>= 1.1.7)" },
    { name = "ggrepel", requirement = "(>= 0.9.5)" },
]

[[packages]]
name = "fansi"
version = "1.0.7"
source = { repository = "https://packagemanager.posit.co/cran/latest" }
force_source = false
dependencies = []

[[packages]]
name = "farver"
version = "2.1.2"
source = { repository = "https://packagemanager.posit.co/cran/latest" }
force_source = false
dependencies = []

[[packages]]
name = "fastmap"
version = "1.2.0"
source = { repository = "https://packagemanager.posit.co/cran/latest" }
force_source = false
dependencies = []

[[packages]]
name = "flashClust"
version = "1.1-4"
source = { repository = "https://packagemanager.posit.co/cran/latest" }
force_source = false
dependencies = []

[[packages]]
name = "fontawesome"
version = "0.5.3"
source = { repository = "https://packagemanager.posit.co/cran/latest" }
force_source = false
dependencies = [
    { name = "rlang", requirement = "(>= 1.0.6)" },
    { name = "htmltools", requirement = "(>= 0.5.1.1)" },
]

[[packages]]
name = "forecast"
version = "9.0.2"
source = { repository = "https://packagemanager.posit.co/cran/latest" }
force_source = false
dependencies = [
    "colorspace",
    "fracdiff",
    { name = "generics", requirement = "(>= 0.1.2)" },
    { name = "ggplot2", requirement = "(>= 3.4.0)" },
    "lmtest",
    "magrittr",
    "nnet",
    { name = "Rcpp", requirement = "(>= 0.12.4)" },
    "timeDate",
    "urca",
    "withr",
    "zoo",
    { name = "RcppArmadillo", requirement = "(>= 0.2.35)" },
]

[[packages]]
name = "fracdiff"
version = "1.5-4"
source = { repository = "https://packagemanager.posit.co/cran/latest" }
force_source = false
dependencies = []

[[packages]]
name = "fs"
version = "2.1.0"
source = { repository = "https://packagemanager.posit.co/cran/latest" }
force_source = false
dependencies = []

[[packages]]
name = "generics"
version = "0.1.4"
source = { repository = "https://packagemanager.posit.co/cran/latest" }
force_source = false
dependencies = []

[[packages]]
name = "ggplot2"
version = "4.0.3"
source = { repository = "https://packagemanager.posit.co/cran/latest" }
force_source = false
dependencies = [
    "cli",
    { name = "gtable", requirement = "(>= 0.3.6)" },
    "isoband",
    { name = "lifecycle", requirement = "(> 1.0.1)" },
    { name = "rlang", requirement = "(>= 1.1.0)" },
    "S7",
    { name = "scales", requirement = "(>= 1.4.0)" },
    { name = "vctrs", requirement = "(>= 0.6.0)" },
    { name = "withr", requirement = "(>= 2.5.0)" },
]

[[packages]]
name = "ggpubr"
version = "0.6.3"
source = { repository = "https://packagemanager.posit.co/cran/latest" }
force_source = false
dependencies = [
    { name = "ggplot2", requirement = "(>= 3.5.2)" },
    { name = "ggrepel", requirement = "(>= 0.9.2)" },
    "ggsci",
    { name = "tidyr", requirement = "(>= 1.3.0)" },
    "purrr",
    { name = "dplyr", requirement = "(>= 1.1.0)" },
    { name = "cowplot", requirement = "(>= 1.1.1)" },
    "ggsignif",
    "scales",
    "gridExtra",
    "glue",
    "polynom",
    { name = "rlang", requirement = "(>= 0.4.6)" },
    { name = "rstatix", requirement = "(>= 0.7.2)" },
    "tibble",
    "magrittr",
]

[[packages]]
name = "ggrepel"
version = "0.9.8"
source = { repository = "https://packagemanager.posit.co/cran/latest" }
force_source = false
dependencies = [
    { name = "ggplot2", requirement = "(>= 3.5.2)" },
    "Rcpp",
    { name = "rlang", requirement = "(>= 1.1.6)" },
    "S7",
    { name = "scales", requirement = "(>= 1.4.0)" },
    { name = "withr", requirement = "(>= 3.0.2)" },
]

[[packages]]
name = "ggsci"
version = "5.0.0"
source = { repository = "https://packagemanager.posit.co/cran/latest" }
force_source = false
dependencies = [
    { name = "ggplot2", requirement = "(>= 2.0.0)" },
    "rlang",
    "scales",
]

[[packages]]
name = "ggsignif"
version = "0.6.4"
source = { repository = "https://packagemanager.posit.co/cran/latest" }
force_source = false
dependencies = [
    { name = "ggplot2", requirement = "(>= 3.3.5)" },
]

[[packages]]
name = "glue"
version = "1.8.1"
source = { repository = "https://packagemanager.posit.co/cran/latest" }
force_source = false
dependencies = []

[[packages]]
name = "gridExtra"
version = "2.3"
source = { repository = "https://packagemanager.posit.co/cran/latest" }
force_source = false
dependencies = [
    "gtable",
]

[[packages]]
name = "gtable"
version = "0.3.6"
source = { repository = "https://packagemanager.posit.co/cran/latest" }
force_source = false
dependencies = [
    "cli",
    "glue",
    "lifecycle",
    { name = "rlang", requirement = "(>= 1.1.0)" },
]

[[packages]]
name = "highr"
version = "0.12"
source = { repository = "https://packagemanager.posit.co/cran/latest" }
force_source = false
dependencies = [
    { name = "xfun", requirement = "(>= 0.18)" },
]

[[packages]]
name = "hms"
version = "1.1.4"
source = { repository = "https://packagemanager.posit.co/cran/latest" }
force_source = false
dependencies = [
    "cli",
    "lifecycle",
    "pkgconfig",
    { name = "rlang", requirement = "(>= 1.0.2)" },
    { name = "vctrs", requirement = "(>= 0.3.8)" },
]

[[packages]]
name = "htmltools"
version = "0.5.9"
source = { repository = "https://packagemanager.posit.co/cran/latest" }
force_source = false
dependencies = [
    "base64enc",
    "digest",
    { name = "fastmap", requirement = "(>= 1.1.0)" },
    { name = "rlang", requirement = "(>= 1.0.0)" },
]

[[packages]]
name = "htmlwidgets"
version = "1.6.4"
source = { repository = "https://packagemanager.posit.co/cran/latest" }
force_source = false
dependencies = [
    { name = "htmltools", requirement = "(>= 0.5.7)" },
    { name = "jsonlite", requirement = "(>= 0.9.16)" },
    { name = "knitr", requirement = "(>= 1.8)" },
    "rmarkdown",
    "yaml",
]

[[packages]]
name = "httr"
version = "1.4.8"
source = { repository = "https://packagemanager.posit.co/cran/latest" }
force_source = false
dependencies = [
    { name = "curl", requirement = "(>= 5.1.0)" },
    "jsonlite",
    "mime",
    { name = "openssl", requirement = "(>= 0.8)" },
    "R6",
]

[[packages]]
name = "igraph"
version = "2.3.2"
source = { repository = "https://packagemanager.posit.co/cran/latest" }
force_source = false
dependencies = [
    "cli",
    "lifecycle",
    "magrittr",
    "Matrix",
    { name = "pkgconfig", requirement = "(>= 2.0.0)" },
    { name = "rlang", requirement = "(>= 1.1.0)" },
    "vctrs",
    { name = "cpp11", requirement = "(>= 0.5.0)" },
]

[[packages]]
name = "isoband"
version = "0.3.0"
source = { repository = "https://packagemanager.posit.co/cran/latest" }
force_source = false
dependencies = [
    "cli",
    "rlang",
    "cpp11",
]

[[packages]]
name = "jquerylib"
version = "0.1.4"
source = { repository = "https://packagemanager.posit.co/cran/latest" }
force_source = false
dependencies = [
    "htmltools",
]

[[packages]]
name = "jsonlite"
version = "2.0.0"
source = { repository = "https://packagemanager.posit.co/cran/latest" }
force_source = false
dependencies = []

[[packages]]
name = "kableExtra"
version = "1.4.0"
source = { repository = "https://packagemanager.posit.co/cran/latest" }
force_source = false
dependencies = [
    { name = "knitr", requirement = "(>= 1.33)" },
    "magrittr",
    { name = "stringr", requirement = "(>= 1.0)" },
    { name = "xml2", requirement = "(>= 1.1.1)" },
    { name = "rmarkdown", requirement = "(>= 1.6.0)" },
    "scales",
    "viridisLite",
    "htmltools",
    "rstudioapi",
    "digest",
    "svglite",
]

[[packages]]
name = "knitr"
version = "1.51"
source = { repository = "https://packagemanager.posit.co/cran/latest" }
force_source = false
dependencies = [
    { name = "evaluate", requirement = "(>= 0.15)" },
    { name = "highr", requirement = "(>= 0.11)" },
    { name = "xfun", requirement = "(>= 0.52)" },
    { name = "yaml", requirement = "(>= 2.1.19)" },
]

[[packages]]
name = "labeling"
version = "0.4.3"
source = { repository = "https://packagemanager.posit.co/cran/latest" }
force_source = false
dependencies = []

[[packages]]
name = "later"
version = "1.4.8"
source = { repository = "https://packagemanager.posit.co/cran/latest" }
force_source = false
dependencies = [
    { name = "Rcpp", requirement = "(>= 1.0.10)" },
    "rlang",
]

[[packages]]
name = "lattice"
version = "0.22-9"
source = { builtin = true }
force_source = false
dependencies = []

[[packages]]
name = "lazyeval"
version = "0.2.3"
source = { repository = "https://packagemanager.posit.co/cran/latest" }
force_source = false
dependencies = [
    "rlang",
]

[[packages]]
name = "leaps"
version = "3.2"
source = { repository = "https://packagemanager.posit.co/cran/latest" }
force_source = false
dependencies = []

[[packages]]
name = "lifecycle"
version = "1.0.5"
source = { repository = "https://packagemanager.posit.co/cran/latest" }
force_source = false
dependencies = [
    { name = "cli", requirement = "(>= 3.4.0)" },
    { name = "rlang", requirement = "(>= 1.1.0)" },
]

[[packages]]
name = "lintr"
version = "3.3.0-1"
source = { repository = "https://packagemanager.posit.co/cran/latest" }
force_source = false
dependencies = [
    { name = "backports", requirement = "(>= 1.5.0)" },
    { name = "cli", requirement = "(>= 3.4.0)" },
    "codetools",
    "digest",
    "glue",
    "knitr",
    "rex",
    "xfun",
    { name = "xml2", requirement = "(>= 1.0.0)" },
    { name = "xmlparsedata", requirement = "(>= 1.0.5)" },
]

[[packages]]
name = "lme4"
version = "2.0-1"
source = { repository = "https://packagemanager.posit.co/cran/latest" }
force_source = false
dependencies = [
    "Matrix",
    "MASS",
    "Rdpack",
    "boot",
    "lattice",
    { name = "minqa", requirement = "(>= 1.1.15)" },
    { name = "nlme", requirement = "(>= 3.1-123)" },
    { name = "nloptr", requirement = "(>= 1.0.4)" },
    { name = "reformulas", requirement = "(>= 0.4.3.1)" },
    "rlang",
    { name = "Rcpp", requirement = "(>= 0.10.5)" },
    { name = "RcppEigen", requirement = "(>= 0.3.3.9.4)" },
]

[[packages]]
name = "lmtest"
version = "0.9-40"
source = { repository = "https://packagemanager.posit.co/cran/latest" }
force_source = false
dependencies = [
    "zoo",
]

[[packages]]
name = "lubridate"
version = "1.9.5"
source = { repository = "https://packagemanager.posit.co/cran/latest" }
force_source = false
dependencies = [
    "generics",
    { name = "timechange", requirement = "(>= 0.4.0)" },
]

[[packages]]
name = "magrittr"
version = "2.0.5"
source = { repository = "https://packagemanager.posit.co/cran/latest" }
force_source = false
dependencies = []

[[packages]]
name = "memoise"
version = "2.0.1"
source = { repository = "https://packagemanager.posit.co/cran/latest" }
force_source = false
dependencies = [
    { name = "rlang", requirement = "(>= 0.4.10)" },
    "cachem",
]

[[packages]]
name = "mgcv"
version = "1.9-4"
source = { builtin = true }
force_source = false
dependencies = [
    { name = "nlme", requirement = "(>= 3.1-64)" },
    "Matrix",
]

[[packages]]
name = "microbenchmark"
version = "1.5.0"
source = { repository = "https://packagemanager.posit.co/cran/latest" }
force_source = false
dependencies = []

[[packages]]
name = "mime"
version = "0.13"
source = { repository = "https://packagemanager.posit.co/cran/latest" }
force_source = false
dependencies = []

[[packages]]
name = "minqa"
version = "1.2.8"
source = { repository = "https://packagemanager.posit.co/cran/latest" }
force_source = false
dependencies = [
    { name = "Rcpp", requirement = "(>= 0.9.10)" },
]

[[packages]]
name = "minty"
version = "0.0.6"
source = { repository = "https://packagemanager.posit.co/cran/latest" }
force_source = false
dependencies = [
    "tzdb",
    { name = "cpp11", requirement = "(>= 0.5.3)" },
]

[[packages]]
name = "modelr"
version = "0.1.11"
source = { repository = "https://packagemanager.posit.co/cran/latest" }
force_source = false
dependencies = [
    "broom",
    "magrittr",
    { name = "purrr", requirement = "(>= 0.2.2)" },
    { name = "rlang", requirement = "(>= 1.0.6)" },
    "tibble",
    { name = "tidyr", requirement = "(>= 0.8.0)" },
    "tidyselect",
    "vctrs",
]

[[packages]]
name = "multcompView"
version = "0.1-11"
source = { repository = "https://packagemanager.posit.co/cran/latest" }
force_source = false
dependencies = []

[[packages]]
name = "mvtnorm"
version = "1.4-1"
source = { repository = "https://packagemanager.posit.co/cran/latest" }
force_source = false
dependencies = []

[[packages]]
name = "nlme"
version = "3.1-168"
source = { builtin = true }
force_source = false
dependencies = [
    "lattice",
]

[[packages]]
name = "nloptr"
version = "2.2.1"
source = { repository = "https://packagemanager.posit.co/cran/latest" }
force_source = false
dependencies = []

[[packages]]
name = "nnet"
version = "7.3-20"
source = { builtin = true }
force_source = false
dependencies = []

[[packages]]
name = "numDeriv"
version = "2016.8-1.1"
source = { repository = "https://packagemanager.posit.co/cran/latest" }
force_source = false
dependencies = []

[[packages]]
name = "openssl"
version = "2.4.2"
source = { repository = "https://packagemanager.posit.co/cran/latest" }
force_source = false
dependencies = [
    "askpass",
]

[[packages]]
name = "openxlsx"
version = "4.2.8.1"
source = { repository = "https://packagemanager.posit.co/cran/latest" }
force_source = false
dependencies = [
    "Rcpp",
    "stringi",
    "zip",
]

[[packages]]
name = "otel"
version = "0.2.0"
source = { repository = "https://packagemanager.posit.co/cran/latest" }
force_source = false
dependencies = []

[[packages]]
name = "parsedate"
version = "1.3.2"
source = { repository = "https://packagemanager.posit.co/cran/latest" }
force_source = false
dependencies = []

[[packages]]
name = "pbkrtest"
version = "0.5.5"
source = { repository = "https://packagemanager.posit.co/cran/latest" }
force_source = false
dependencies = [
    { name = "lme4", requirement = "(>= 1.1.31)" },
    "broom",
    "dplyr",
    "MASS",
    "numDeriv",
    { name = "Matrix", requirement = "(>= 1.2.3)" },
    { name = "doBy", requirement = "(>= 4.6.22)" },
]

[[packages]]
name = "pillar"
version = "1.11.1"
source = { repository = "https://packagemanager.posit.co/cran/latest" }
force_source = false
dependencies = [
    { name = "cli", requirement = "(>= 2.3.0)" },
    "glue",
    "lifecycle",
    { name = "rlang", requirement = "(>= 1.0.2)" },
    { name = "utf8", requirement = "(>= 1.1.0)" },
    { name = "vctrs", requirement = "(>= 0.5.0)" },
]

[[packages]]
name = "pkgconfig"
version = "2.0.3"
source = { repository = "https://packagemanager.posit.co/cran/latest" }
force_source = false
dependencies = []

[[packages]]
name = "polynom"
version = "1.4-1"
source = { repository = "https://packagemanager.posit.co/cran/latest" }
force_source = false
dependencies = []

[[packages]]
name = "prettyunits"
version = "1.2.0"
source = { repository = "https://packagemanager.posit.co/cran/latest" }
force_source = false
dependencies = []

[[packages]]
name = "processx"
version = "3.9.0"
source = { repository = "https://packagemanager.posit.co/cran/latest" }
force_source = false
dependencies = [
    { name = "ps", requirement = "(>= 1.9.3)" },
    "R6",
]

[[packages]]
name = "progress"
version = "1.2.3"
source = { repository = "https://packagemanager.posit.co/cran/latest" }
force_source = false
dependencies = [
    "crayon",
    "hms",
    "prettyunits",
    "R6",
]

[[packages]]
name = "promises"
version = "1.5.0"
source = { repository = "https://packagemanager.posit.co/cran/latest" }
force_source = false
dependencies = [
    { name = "fastmap", requirement = "(>= 1.1.0)" },
    "later",
    "lifecycle",
    { name = "magrittr", requirement = "(>= 1.5)" },
    { name = "otel", requirement = "(>= 0.2.0)" },
    "R6",
    "rlang",
]

[[packages]]
name = "proxy"
version = "0.4-29"
source = { repository = "https://packagemanager.posit.co/cran/latest" }
force_source = false
dependencies = []

[[packages]]
name = "ps"
version = "1.9.3"
source = { repository = "https://packagemanager.posit.co/cran/latest" }
force_source = false
dependencies = []

[[packages]]
name = "purrr"
version = "1.2.2"
source = { repository = "https://packagemanager.posit.co/cran/latest" }
force_source = false
dependencies = [
    { name = "cli", requirement = "(>= 3.6.1)" },
    { name = "lifecycle", requirement = "(>= 1.0.3)" },
    { name = "magrittr", requirement = "(>= 1.5.0)" },
    { name = "rlang", requirement = "(>= 1.1.1)" },
    { name = "vctrs", requirement = "(>= 0.6.3)" },
]

[[packages]]
name = "quantreg"
version = "6.1"
source = { repository = "https://packagemanager.posit.co/cran/latest" }
force_source = false
dependencies = [
    "SparseM",
    "Matrix",
    "MatrixModels",
    "survival",
    "MASS",
]

[[packages]]
name = "quarto"
version = "1.5.1"
source = { repository = "https://packagemanager.posit.co/cran/latest" }
force_source = false
dependencies = [
    "cli",
    "fs",
    "htmltools",
    "jsonlite",
    "later",
    "lifecycle",
    "processx",
    "rlang",
    "rmarkdown",
    "rstudioapi",
    "xfun",
    { name = "yaml", requirement = "(>= 2.3.10)" },
]

[[packages]]
name = "rappdirs"
version = "0.3.4"
source = { repository = "https://packagemanager.posit.co/cran/latest" }
force_source = false
dependencies = []

[[packages]]
name = "rbibutils"
version = "2.4.1"
source = { repository = "https://packagemanager.posit.co/cran/latest" }
force_source = false
dependencies = []

[[packages]]
name = "readODS"
version = "2.3.5"
source = { repository = "https://packagemanager.posit.co/cran/latest" }
force_source = false
dependencies = [
    "cellranger",
    { name = "minty", requirement = "(>= 0.0.5)" },
    "stringi",
    "tibble",
    { name = "vctrs", requirement = "(>= 0.4.2)" },
    "zip",
    "withr",
    { name = "cpp11", requirement = "(>= 0.5.0)" },
]

[[packages]]
name = "readr"
version = "2.2.0"
source = { repository = "https://packagemanager.posit.co/cran/latest" }
force_source = false
dependencies = [
    "cli",
    "clipr",
    "crayon",
    "glue",
    { name = "hms", requirement = "(>= 0.4.1)" },
    "lifecycle",
    "R6",
    "rlang",
    "tibble",
    { name = "vroom", requirement = "(>= 1.7.0)" },
    "withr",
    "cpp11",
    { name = "tzdb", requirement = "(>= 0.1.1)" },
]

[[packages]]
name = "readxl"
version = "1.5.0"
source = { repository = "https://packagemanager.posit.co/cran/latest" }
force_source = false
dependencies = [
    "cellranger",
    { name = "tibble", requirement = "(>= 2.0.1)" },
    { name = "cpp11", requirement = "(>= 0.5.5)" },
    "progress",
]

[[packages]]
name = "reformulas"
version = "0.4.4"
source = { repository = "https://packagemanager.posit.co/cran/latest" }
force_source = false
dependencies = [
    "Matrix",
    "Rdpack",
]

[[packages]]
name = "rematch"
version = "2.0.0"
source = { repository = "https://packagemanager.posit.co/cran/latest" }
force_source = false
dependencies = []

[[packages]]
name = "rex"
version = "1.2.2"
source = { repository = "https://packagemanager.posit.co/cran/latest" }
force_source = false
dependencies = [
    "withr",
]

[[packages]]
name = "rlang"
version = "1.2.0"
source = { repository = "https://packagemanager.posit.co/cran/latest" }
force_source = false
dependencies = []

[[packages]]
name = "rmarkdown"
version = "2.31"
source = { repository = "https://packagemanager.posit.co/cran/latest" }
force_source = false
dependencies = [
    { name = "bslib", requirement = "(>= 0.2.5.1)" },
    { name = "evaluate", requirement = "(>= 0.13)" },
    { name = "fontawesome", requirement = "(>= 0.5.0)" },
    { name = "htmltools", requirement = "(>= 0.5.1)" },
    "jquerylib",
    "jsonlite",
    { name = "knitr", requirement = "(>= 1.43)" },
    { name = "tinytex", requirement = "(>= 0.31)" },
    { name = "xfun", requirement = "(>= 0.36)" },
    { name = "yaml", requirement = "(>= 2.1.19)" },
]

[[packages]]
name = "rstatix"
version = "0.7.3"
source = { repository = "https://packagemanager.posit.co/cran/latest" }
force_source = false
dependencies = [
    { name = "tidyr", requirement = "(>= 1.0.0)" },
    "purrr",
    { name = "broom", requirement = "(>= 0.7.4)" },
    { name = "rlang", requirement = "(>= 0.3.1)" },
    { name = "tibble", requirement = "(>= 2.1.3)" },
    { name = "dplyr", requirement = "(>= 0.7.1)" },
    "magrittr",
    "corrplot",
    { name = "tidyselect", requirement = "(>= 1.2.0)" },
    "car",
    { name = "generics", requirement = "(>= 0.0.2)" },
]

[[packages]]
name = "rstudioapi"
version = "0.18.0"
source = { repository = "https://packagemanager.posit.co/cran/latest" }
force_source = false
dependencies = []

[[packages]]
name = "s2"
version = "1.1.11"
source = { repository = "https://packagemanager.posit.co/cran/latest" }
force_source = false
dependencies = [
    "Rcpp",
    { name = "wk", requirement = "(>= 0.6.0)" },
]

[[packages]]
name = "sass"
version = "0.4.10"
source = { repository = "https://packagemanager.posit.co/cran/latest" }
force_source = false
dependencies = [
    { name = "fs", requirement = "(>= 1.2.4)" },
    { name = "rlang", requirement = "(>= 0.4.10)" },
    { name = "htmltools", requirement = "(>= 0.5.1)" },
    "R6",
    "rappdirs",
]

[[packages]]
name = "scales"
version = "1.4.0"
source = { repository = "https://packagemanager.posit.co/cran/latest" }
force_source = false
dependencies = [
    "cli",
    { name = "farver", requirement = "(>= 2.0.3)" },
    "glue",
    "labeling",
    "lifecycle",
    "R6",
    "RColorBrewer",
    { name = "rlang", requirement = "(>= 1.1.0)" },
    "viridisLite",
]

[[packages]]
name = "scatterplot3d"
version = "0.3-45"
source = { repository = "https://packagemanager.posit.co/cran/latest" }
force_source = false
dependencies = []

[[packages]]
name = "secretbase"
version = "1.2.2"
source = { repository = "https://packagemanager.posit.co/cran/latest" }
force_source = false
dependencies = []

[[packages]]
name = "sf"
version = "1.1-1"
source = { repository = "https://packagemanager.posit.co/cran/latest" }
force_source = false
dependencies = [
    { name = "classInt", requirement = "(>= 0.4-1)" },
    { name = "DBI", requirement = "(>= 0.8)" },
    { name = "s2", requirement = "(>= 1.1.0)" },
    { name = "units", requirement = "(>= 0.7-0)" },
    "Rcpp",
]

[[packages]]
name = "stringi"
version = "1.8.7"
source = { repository = "https://packagemanager.posit.co/cran/latest" }
force_source = false
dependencies = []

[[packages]]
name = "stringr"
version = "1.6.0"
source = { repository = "https://packagemanager.posit.co/cran/latest" }
force_source = false
dependencies = [
    "cli",
    { name = "glue", requirement = "(>= 1.6.1)" },
    { name = "lifecycle", requirement = "(>= 1.0.3)" },
    "magrittr",
    { name = "rlang", requirement = "(>= 1.0.0)" },
    { name = "stringi", requirement = "(>= 1.5.3)" },
    { name = "vctrs", requirement = "(>= 0.4.0)" },
]

[[packages]]
name = "survival"
version = "3.8-6"
source = { builtin = true }
force_source = false
dependencies = [
    "Matrix",
]

[[packages]]
name = "svglite"
version = "2.2.2"
source = { repository = "https://packagemanager.posit.co/cran/latest" }
force_source = false
dependencies = [
    "base64enc",
    "cli",
    "lifecycle",
    { name = "rlang", requirement = "(>= 1.1.0)" },
    { name = "systemfonts", requirement = "(>= 1.3.0)" },
    { name = "textshaping", requirement = "(>= 0.3.0)" },
    "cpp11",
]

[[packages]]
name = "sys"
version = "3.4.3"
source = { repository = "https://packagemanager.posit.co/cran/latest" }
force_source = false
dependencies = []

[[packages]]
name = "systemfonts"
version = "1.3.2"
source = { repository = "https://packagemanager.posit.co/cran/latest" }
force_source = false
dependencies = [
    "base64enc",
    "jsonlite",
    "lifecycle",
    { name = "cpp11", requirement = "(>= 0.2.1)" },
]

[[packages]]
name = "targets"
version = "1.12.0"
source = { repository = "https://packagemanager.posit.co/cran/latest" }
force_source = false
dependencies = [
    { name = "base64url", requirement = "(>= 1.4)" },
    { name = "callr", requirement = "(>= 3.7.0)" },
    { name = "cli", requirement = "(>= 2.0.2)" },
    { name = "codetools", requirement = "(>= 0.2.16)" },
    { name = "data.table", requirement = "(>= 1.16.0)" },
    { name = "igraph", requirement = "(>= 2.0.0)" },
    { name = "knitr", requirement = "(>= 1.34)" },
    { name = "prettyunits", requirement = "(>= 1.1.0)" },
    { name = "ps", requirement = "(>= 1.8.0)" },
    { name = "R6", requirement = "(>= 2.4.1)" },
    { name = "rlang", requirement = "(>= 1.0.0)" },
    { name = "secretbase", requirement = "(>= 0.5.0)" },
    { name = "tibble", requirement = "(>= 3.0.1)" },
    { name = "tidyselect", requirement = "(>= 1.1.0)" },
    { name = "vctrs", requirement = "(>= 0.2.4)" },
    { name = "yaml", requirement = "(>= 2.2.1)" },
]

[[packages]]
name = "textshaping"
version = "1.0.5"
source = { repository = "https://packagemanager.posit.co/cran/latest" }
force_source = false
dependencies = [
    "lifecycle",
    "stringi",
    { name = "systemfonts", requirement = "(>= 1.3.0)" },
    { name = "cpp11", requirement = "(>= 0.2.1)" },
]

[[packages]]
name = "tibble"
version = "3.3.1"
source = { repository = "https://packagemanager.posit.co/cran/latest" }
force_source = false
dependencies = [
    "cli",
    { name = "lifecycle", requirement = "(>= 1.0.0)" },
    "magrittr",
    { name = "pillar", requirement = "(>= 1.8.1)" },
    "pkgconfig",
    { name = "rlang", requirement = "(>= 1.0.2)" },
    { name = "vctrs", requirement = "(>= 0.5.0)" },
]

[[packages]]
name = "tidyr"
version = "1.3.2"
source = { repository = "https://packagemanager.posit.co/cran/latest" }
force_source = false
dependencies = [
    { name = "cli", requirement = "(>= 3.4.1)" },
    { name = "dplyr", requirement = "(>= 1.1.0)" },
    "glue",
    { name = "lifecycle", requirement = "(>= 1.0.3)" },
    "magrittr",
    { name = "purrr", requirement = "(>= 1.0.1)" },
    { name = "rlang", requirement = "(>= 1.1.1)" },
    { name = "stringr", requirement = "(>= 1.5.0)" },
    { name = "tibble", requirement = "(>= 2.1.1)" },
    { name = "tidyselect", requirement = "(>= 1.2.1)" },
    { name = "vctrs", requirement = "(>= 0.5.2)" },
    { name = "cpp11", requirement = "(>= 0.4.0)" },
]

[[packages]]
name = "tidyselect"
version = "1.2.1"
source = { repository = "https://packagemanager.posit.co/cran/latest" }
force_source = false
dependencies = [
    { name = "cli", requirement = "(>= 3.3.0)" },
    { name = "glue", requirement = "(>= 1.3.0)" },
    { name = "lifecycle", requirement = "(>= 1.0.3)" },
    { name = "rlang", requirement = "(>= 1.0.4)" },
    { name = "vctrs", requirement = "(>= 0.5.2)" },
    "withr",
]

[[packages]]
name = "timeDate"
version = "4052.112"
source = { repository = "https://packagemanager.posit.co/cran/latest" }
force_source = false
dependencies = []

[[packages]]
name = "timechange"
version = "0.4.0"
source = { repository = "https://packagemanager.posit.co/cran/latest" }
force_source = false
dependencies = [
    { name = "cpp11", requirement = "(>= 0.2.7)" },
]

[[packages]]
name = "tinytex"
version = "0.59"
source = { repository = "https://packagemanager.posit.co/cran/latest" }
force_source = false
dependencies = [
    { name = "xfun", requirement = "(>= 0.48)" },
]

[[packages]]
name = "tzdb"
version = "0.5.0"
source = { repository = "https://packagemanager.posit.co/cran/latest" }
force_source = false
dependencies = [
    { name = "cpp11", requirement = "(>= 0.5.2)" },
]

[[packages]]
name = "units"
version = "1.0-1"
source = { repository = "https://packagemanager.posit.co/cran/latest" }
force_source = false
dependencies = [
    "Rcpp",
]

[[packages]]
name = "urca"
version = "1.3-4"
source = { repository = "https://packagemanager.posit.co/cran/latest" }
force_source = false
dependencies = [
    "nlme",
]

[[packages]]
name = "utf8"
version = "1.2.6"
source = { repository = "https://packagemanager.posit.co/cran/latest" }
force_source = false
dependencies = []

[[packages]]
name = "vctrs"
version = "0.7.3"
source = { repository = "https://packagemanager.posit.co/cran/latest" }
force_source = false
dependencies = [
    { name = "cli", requirement = "(>= 3.4.0)" },
    "glue",
    { name = "lifecycle", requirement = "(>= 1.0.3)" },
    { name = "rlang", requirement = "(>= 1.1.7)" },
]

[[packages]]
name = "viridis"
version = "0.6.5"
source = { repository = "https://packagemanager.posit.co/cran/latest" }
force_source = false
dependencies = [
    { name = "viridisLite", requirement = "(>= 0.4.0)" },
    { name = "ggplot2", requirement = "(>= 1.0.1)" },
    "gridExtra",
]

[[packages]]
name = "viridisLite"
version = "0.4.3"
source = { repository = "https://packagemanager.posit.co/cran/latest" }
force_source = false
dependencies = []

[[packages]]
name = "vroom"
version = "1.7.1"
source = { repository = "https://packagemanager.posit.co/cran/latest" }
force_source = false
dependencies = [
    "bit64",
    { name = "cli", requirement = "(>= 3.2.0)" },
    "crayon",
    "glue",
    "hms",
    { name = "lifecycle", requirement = "(>= 1.0.3)" },
    { name = "rlang", requirement = "(>= 1.1.0)" },
    { name = "tibble", requirement = "(>= 2.0.0)" },
    "tidyselect",
    { name = "tzdb", requirement = "(>= 0.1.1)" },
    { name = "vctrs", requirement = "(>= 0.2.0)" },
    "withr",
    { name = "cpp11", requirement = "(>= 0.2.0)" },
    { name = "progress", requirement = "(>= 1.2.3)" },
]

[[packages]]
name = "withr"
version = "3.0.2"
source = { repository = "https://packagemanager.posit.co/cran/latest" }
force_source = false
dependencies = []

[[packages]]
name = "wk"
version = "0.9.5"
source = { repository = "https://packagemanager.posit.co/cran/latest" }
force_source = false
dependencies = []

[[packages]]
name = "xfun"
version = "0.58"
source = { repository = "https://packagemanager.posit.co/cran/latest" }
force_source = false
dependencies = []

[[packages]]
name = "xml2"
version = "1.5.2"
source = { repository = "https://packagemanager.posit.co/cran/latest" }
force_source = false
dependencies = [
    "cli",
    { name = "rlang", requirement = "(>= 1.1.0)" },
]

[[packages]]
name = "xmlparsedata"
version = "1.0.5"
source = { repository = "https://packagemanager.posit.co/cran/latest" }
force_source = false
dependencies = []

[[packages]]
name = "xts"
version = "0.14.2"
source = { repository = "https://packagemanager.posit.co/cran/latest" }
force_source = false
dependencies = [
    { name = "zoo", requirement = "(>= 1.7-12)" },
]

[[packages]]
name = "yaml"
version = "2.3.12"
source = { repository = "https://packagemanager.posit.co/cran/latest" }
force_source = false
dependencies = []

[[packages]]
name = "zip"
version = "3.0.0"
source = { repository = "https://packagemanager.posit.co/cran/latest" }
force_source = false
dependencies = [
    "cli",
]

[[packages]]
name = "zoo"
version = "1.8-15"
source = { repository = "https://packagemanager.posit.co/cran/latest" }
force_source = false
dependencies = [
    { name = "lattice", requirement = "(>= 0.20-27)" },
]
